
Microsoft Visual Studio Solution File, Format Version 12.00
# Visual Studio Version 17
VisualStudioVersion = 17.5.002.0
MinimumVisualStudioVersion = 10.0.40219.1
Project("{9A19103F-16F7-4668-BE54-9A1E7A4F7556}") = "Watermarker", "Watermarker.csproj", "{02A390DE-F3FB-48B8-A545-A34B931D46CA}"
EndProject
Global
	GlobalSection(SolutionConfigurationPlatforms) = preSolution
		Debug|Any CPU = Debug|Any CPU
		Release|Any CPU = Release|Any CPU
	EndGlobalSection
	GlobalSection(ProjectConfigurationPlatforms) = postSolution
		{02A390DE-F3FB-48B8-A545-A34B931D46CA}.Debug|Any CPU.ActiveCfg = Debug|Any CPU
		{02A390DE-F3FB-48B8-A545-A34B931D46CA}.Debug|Any CPU.Build.0 = Debug|Any CPU
		{02A390DE-F3FB-48B8-A545-A34B931D46CA}.Release|Any CPU.ActiveCfg = Release|Any CPU
		{02A390DE-F3FB-48B8-A545-A34B931D46CA}.Release|Any CPU.Build.0 = Release|Any CPU
	EndGlobalSection
	GlobalSection(SolutionProperties) = preSolution
		HideSolutionNode = FALSE
	EndGlobalSection
	GlobalSection(ExtensibilityGlobals) = postSolution
		SolutionGuid = {C7C97270-2AD8-49D5-9324-D64114914295}
	EndGlobalSection
EndGlobal
